
Microsoft Visual Studio Solution File, Format Version 12.00
# Visual Studio 15
VisualStudioVersion = 15.0.35319.79
MinimumVisualStudioVersion = 10.0.40219.1
Project("{FAE04EC0-301F-11D3-BF4B-00C04F79EFBC}") = "FlappyBird2", "FlappyBird2\FlappyBird2.csproj", "{C3F4D5CF-522E-4949-8262-F240F54E5F00}"
EndProject
Global
	GlobalSection(SolutionConfigurationPlatforms) = preSolution
		Debug|Any CPU = Debug|Any CPU
		Release|Any CPU = Release|Any CPU
	EndGlobalSection
	GlobalSection(ProjectConfigurationPlatforms) = postSolution
		{C3F4D5CF-522E-4949-8262-F240F54E5F00}.Debug|Any CPU.ActiveCfg = Debug|Any CPU
		{C3F4D5CF-522E-4949-8262-F240F54E5F00}.Debug|Any CPU.Build.0 = Debug|Any CPU
		{C3F4D5CF-522E-4949-8262-F240F54E5F00}.Release|Any CPU.ActiveCfg = Release|Any CPU
		{C3F4D5CF-522E-4949-8262-F240F54E5F00}.Release|Any CPU.Build.0 = Release|Any CPU
	EndGlobalSection
	GlobalSection(SolutionProperties) = preSolution
		HideSolutionNode = FALSE
	EndGlobalSection
	GlobalSection(ExtensibilityGlobals) = postSolution
		SolutionGuid = {BDABD7DD-A914-408B-BC14-D394EC5F90B4}
	EndGlobalSection
EndGlobal
